
Microsoft Visual Studio Solution File, Format Version 12.00
# Visual Studio Version 17
VisualStudioVersion = 17.7.34031.279
MinimumVisualStudioVersion = 10.0.40219.1
Project("{9A19103F-16F7-4668-BE54-9A1E7A4F7556}") = "Sidekick.Pages", "Sidekick.Pages.csproj", "{2504BE3D-CBEF-46FC-BF53-443A273044F3}"
EndProject
Global
	GlobalSection(SolutionConfigurationPlatforms) = preSolution
		Debug|Any CPU = Debug|Any CPU
		Release|Any CPU = Release|Any CPU
	EndGlobalSection
	GlobalSection(ProjectConfigurationPlatforms) = postSolution
		{2504BE3D-CBEF-46FC-BF53-443A273044F3}.Debug|Any CPU.ActiveCfg = Debug|Any CPU
		{2504BE3D-CBEF-46FC-BF53-443A273044F3}.Debug|Any CPU.Build.0 = Debug|Any CPU
		{2504BE3D-CBEF-46FC-BF53-443A273044F3}.Release|Any CPU.ActiveCfg = Release|Any CPU
		{2504BE3D-CBEF-46FC-BF53-443A273044F3}.Release|Any CPU.Build.0 = Release|Any CPU
	EndGlobalSection
	GlobalSection(SolutionProperties) = preSolution
		HideSolutionNode = FALSE
	EndGlobalSection
	GlobalSection(ExtensibilityGlobals) = postSolution
		SolutionGuid = {42E52BD9-F433-435D-A5B6-D753693EBA9E}
	EndGlobalSection
EndGlobal
